// !$*UTF8*$!
{
	archiveVersion = 1;
	classes = {
	};
	objectVersion = 46;
	objects = {

/* Begin PBXBuildFile section */
		OBJ_36 /* Package.swift in Sources */ = {isa = PBXBuildFile; fileRef = OBJ_6 /* Package.swift */; };
		OBJ_42 /* Generic6502.swift in Sources */ = {isa = PBXBuildFile; fileRef = OBJ_25 /* Generic6502.swift */; };
		OBJ_43 /* main.swift in Sources */ = {isa = PBXBuildFile; fileRef = OBJ_26 /* main.swift */; };
		OBJ_45 /* MOS6502.framework in Frameworks */ = {isa = PBXBuildFile; fileRef = "MOS6502::MOS6502::Product" /* MOS6502.framework */; };
		OBJ_52 /* Bus.swift in Sources */ = {isa = PBXBuildFile; fileRef = OBJ_9 /* Bus.swift */; };
		OBJ_53 /* CPU.swift in Sources */ = {isa = PBXBuildFile; fileRef = OBJ_10 /* CPU.swift */; };
		OBJ_54 /* Disassembler.swift in Sources */ = {isa = PBXBuildFile; fileRef = OBJ_11 /* Disassembler.swift */; };
		OBJ_55 /* Flags.swift in Sources */ = {isa = PBXBuildFile; fileRef = OBJ_12 /* Flags.swift */; };
		OBJ_56 /* MemoryMap.swift in Sources */ = {isa = PBXBuildFile; fileRef = OBJ_15 /* MemoryMap.swift */; };
		OBJ_57 /* Raw.swift in Sources */ = {isa = PBXBuildFile; fileRef = OBJ_16 /* Raw.swift */; };
		OBJ_58 /* Memory.swift in Sources */ = {isa = PBXBuildFile; fileRef = OBJ_17 /* Memory.swift */; };
		OBJ_59 /* AddressingMode.swift in Sources */ = {isa = PBXBuildFile; fileRef = OBJ_19 /* AddressingMode.swift */; };
		OBJ_60 /* Mnemonic.swift in Sources */ = {isa = PBXBuildFile; fileRef = OBJ_20 /* Mnemonic.swift */; };
		OBJ_61 /* Instruction.swift in Sources */ = {isa = PBXBuildFile; fileRef = OBJ_21 /* Instruction.swift */; };
		OBJ_62 /* Stream.swift in Sources */ = {isa = PBXBuildFile; fileRef = OBJ_22 /* Stream.swift */; };
		OBJ_63 /* Types.swift in Sources */ = {isa = PBXBuildFile; fileRef = OBJ_23 /* Types.swift */; };
/* End PBXBuildFile section */

/* Begin PBXContainerItemProxy section */
		2E30FA1520056CCA007040F7 /* PBXContainerItemProxy */ = {
			isa = PBXContainerItemProxy;
			containerPortal = OBJ_1 /* Project object */;
			proxyType = 1;
			remoteGlobalIDString = "MOS6502::MOS6502";
			remoteInfo = MOS6502;
		};
/* End PBXContainerItemProxy section */

/* Begin PBXFileReference section */
		"MOS6502::MOS6502::Product" /* MOS6502.framework */ = {isa = PBXFileReference; explicitFileType = wrapper.framework; path = MOS6502.framework; sourceTree = BUILT_PRODUCTS_DIR; };
		"MOS6502::TestSuite::Product" /* TestSuite */ = {isa = PBXFileReference; lastKnownFileType = text; path = TestSuite; sourceTree = BUILT_PRODUCTS_DIR; };
		OBJ_10 /* CPU.swift */ = {isa = PBXFileReference; lastKnownFileType = sourcecode.swift; path = CPU.swift; sourceTree = "<group>"; };
		OBJ_11 /* Disassembler.swift */ = {isa = PBXFileReference; lastKnownFileType = sourcecode.swift; path = Disassembler.swift; sourceTree = "<group>"; };
		OBJ_12 /* Flags.swift */ = {isa = PBXFileReference; lastKnownFileType = sourcecode.swift; path = Flags.swift; sourceTree = "<group>"; };
		OBJ_15 /* MemoryMap.swift */ = {isa = PBXFileReference; lastKnownFileType = sourcecode.swift; path = MemoryMap.swift; sourceTree = "<group>"; };
		OBJ_16 /* Raw.swift */ = {isa = PBXFileReference; lastKnownFileType = sourcecode.swift; path = Raw.swift; sourceTree = "<group>"; };
		OBJ_17 /* Memory.swift */ = {isa = PBXFileReference; lastKnownFileType = sourcecode.swift; path = Memory.swift; sourceTree = "<group>"; };
		OBJ_19 /* AddressingMode.swift */ = {isa = PBXFileReference; lastKnownFileType = sourcecode.swift; path = AddressingMode.swift; sourceTree = "<group>"; };
		OBJ_20 /* Mnemonic.swift */ = {isa = PBXFileReference; lastKnownFileType = sourcecode.swift; path = Mnemonic.swift; sourceTree = "<group>"; };
		OBJ_21 /* Instruction.swift */ = {isa = PBXFileReference; lastKnownFileType = sourcecode.swift; path = Instruction.swift; sourceTree = "<group>"; };
		OBJ_22 /* Stream.swift */ = {isa = PBXFileReference; lastKnownFileType = sourcecode.swift; path = Stream.swift; sourceTree = "<group>"; };
		OBJ_23 /* Types.swift */ = {isa = PBXFileReference; lastKnownFileType = sourcecode.swift; path = Types.swift; sourceTree = "<group>"; };
		OBJ_25 /* Generic6502.swift */ = {isa = PBXFileReference; lastKnownFileType = sourcecode.swift; path = Generic6502.swift; sourceTree = "<group>"; };
		OBJ_26 /* main.swift */ = {isa = PBXFileReference; lastKnownFileType = sourcecode.swift; path = main.swift; sourceTree = "<group>"; };
		OBJ_6 /* Package.swift */ = {isa = PBXFileReference; explicitFileType = sourcecode.swift; path = Package.swift; sourceTree = "<group>"; };
		OBJ_9 /* Bus.swift */ = {isa = PBXFileReference; lastKnownFileType = sourcecode.swift; path = Bus.swift; sourceTree = "<group>"; };
/* End PBXFileReference section */

/* Begin PBXFrameworksBuildPhase section */
		OBJ_44 /* Frameworks */ = {
			isa = PBXFrameworksBuildPhase;
			buildActionMask = 0;
			files = (
				OBJ_45 /* MOS6502.framework in Frameworks */,
			);
			runOnlyForDeploymentPostprocessing = 0;
		};
		OBJ_64 /* Frameworks */ = {
			isa = PBXFrameworksBuildPhase;
			buildActionMask = 0;
			files = (
			);
			runOnlyForDeploymentPostprocessing = 0;
		};
/* End PBXFrameworksBuildPhase section */

/* Begin PBXGroup section */
		OBJ_13 /* Memory */ = {
			isa = PBXGroup;
			children = (
				OBJ_14 /* Maps */,
				OBJ_17 /* Memory.swift */,
			);
			path = Memory;
			sourceTree = "<group>";
		};
		OBJ_14 /* Maps */ = {
			isa = PBXGroup;
			children = (
				OBJ_15 /* MemoryMap.swift */,
				OBJ_16 /* Raw.swift */,
			);
			path = Maps;
			sourceTree = "<group>";
		};
		OBJ_18 /* Operation */ = {
			isa = PBXGroup;
			children = (
				OBJ_19 /* AddressingMode.swift */,
				OBJ_20 /* Mnemonic.swift */,
				OBJ_21 /* Instruction.swift */,
			);
			path = Operation;
			sourceTree = "<group>";
		};
		OBJ_24 /* TestSuite */ = {
			isa = PBXGroup;
			children = (
				OBJ_26 /* main.swift */,
				OBJ_25 /* Generic6502.swift */,
			);
			name = TestSuite;
			path = Sources/TestSuite;
			sourceTree = SOURCE_ROOT;
		};
		OBJ_27 /* Tests */ = {
			isa = PBXGroup;
			children = (
			);
			name = Tests;
			sourceTree = SOURCE_ROOT;
		};
		OBJ_28 /* Products */ = {
			isa = PBXGroup;
			children = (
				"MOS6502::TestSuite::Product" /* TestSuite */,
				"MOS6502::MOS6502::Product" /* MOS6502.framework */,
			);
			name = Products;
			sourceTree = BUILT_PRODUCTS_DIR;
		};
		OBJ_5 = {
			isa = PBXGroup;
			children = (
				OBJ_6 /* Package.swift */,
				OBJ_7 /* Sources */,
				OBJ_27 /* Tests */,
				OBJ_28 /* Products */,
			);
			sourceTree = "<group>";
		};
		OBJ_7 /* Sources */ = {
			isa = PBXGroup;
			children = (
				OBJ_8 /* MOS6502 */,
				OBJ_24 /* TestSuite */,
			);
			name = Sources;
			sourceTree = SOURCE_ROOT;
		};
		OBJ_8 /* MOS6502 */ = {
			isa = PBXGroup;
			children = (
				OBJ_9 /* Bus.swift */,
				OBJ_10 /* CPU.swift */,
				OBJ_11 /* Disassembler.swift */,
				OBJ_12 /* Flags.swift */,
				OBJ_13 /* Memory */,
				OBJ_18 /* Operation */,
				OBJ_22 /* Stream.swift */,
				OBJ_23 /* Types.swift */,
			);
			name = MOS6502;
			path = Sources/MOS6502;
			sourceTree = SOURCE_ROOT;
		};
/* End PBXGroup section */

/* Begin PBXNativeTarget section */
		"MOS6502::MOS6502" /* MOS6502 */ = {
			isa = PBXNativeTarget;
			buildConfigurationList = OBJ_48 /* Build configuration list for PBXNativeTarget "MOS6502" */;
			buildPhases = (
				OBJ_51 /* Sources */,
				OBJ_64 /* Frameworks */,
			);
			buildRules = (
			);
			dependencies = (
			);
			name = MOS6502;
			productName = MOS6502;
			productReference = "MOS6502::MOS6502::Product" /* MOS6502.framework */;
			productType = "com.apple.product-type.framework";
		};
		"MOS6502::SwiftPMPackageDescription" /* MOS6502PackageDescription */ = {
			isa = PBXNativeTarget;
			buildConfigurationList = OBJ_32 /* Build configuration list for PBXNativeTarget "MOS6502PackageDescription" */;
			buildPhases = (
				OBJ_35 /* Sources */,
			);
			buildRules = (
			);
			dependencies = (
			);
			name = MOS6502PackageDescription;
			productName = MOS6502PackageDescription;
			productType = "com.apple.product-type.framework";
		};
		"MOS6502::TestSuite" /* TestSuite */ = {
			isa = PBXNativeTarget;
			buildConfigurationList = OBJ_38 /* Build configuration list for PBXNativeTarget "TestSuite" */;
			buildPhases = (
				OBJ_41 /* Sources */,
				OBJ_44 /* Frameworks */,
			);
			buildRules = (
			);
			dependencies = (
				OBJ_46 /* PBXTargetDependency */,
			);
			name = TestSuite;
			productName = TestSuite;
			productReference = "MOS6502::TestSuite::Product" /* TestSuite */;
			productType = "com.apple.product-type.tool";
		};
/* End PBXNativeTarget section */

/* Begin PBXProject section */
		OBJ_1 /* Project object */ = {
			isa = PBXProject;
			attributes = {
				LastUpgradeCheck = 9999;
			};
			buildConfigurationList = OBJ_2 /* Build configuration list for PBXProject "MOS6502" */;
			compatibilityVersion = "Xcode 3.2";
			developmentRegion = English;
			hasScannedForEncodings = 0;
			knownRegions = (
				en,
			);
			mainGroup = OBJ_5;
			productRefGroup = OBJ_28 /* Products */;
			projectDirPath = "";
			projectRoot = "";
			targets = (
				"MOS6502::SwiftPMPackageDescription" /* MOS6502PackageDescription */,
				"MOS6502::TestSuite" /* TestSuite */,
				"MOS6502::MOS6502" /* MOS6502 */,
			);
		};
/* End PBXProject section */

/* Begin PBXSourcesBuildPhase section */
		OBJ_35 /* Sources */ = {
			isa = PBXSourcesBuildPhase;
			buildActionMask = 0;
			files = (
				OBJ_36 /* Package.swift in Sources */,
			);
			runOnlyForDeploymentPostprocessing = 0;
		};
		OBJ_41 /* Sources */ = {
			isa = PBXSourcesBuildPhase;
			buildActionMask = 0;
			files = (
				OBJ_42 /* Generic6502.swift in Sources */,
				OBJ_43 /* main.swift in Sources */,
			);
			runOnlyForDeploymentPostprocessing = 0;
		};
		OBJ_51 /* Sources */ = {
			isa = PBXSourcesBuildPhase;
			buildActionMask = 0;
			files = (
				OBJ_52 /* Bus.swift in Sources */,
				OBJ_53 /* CPU.swift in Sources */,
				OBJ_54 /* Disassembler.swift in Sources */,
				OBJ_55 /* Flags.swift in Sources */,
				OBJ_56 /* MemoryMap.swift in Sources */,
				OBJ_57 /* Raw.swift in Sources */,
				OBJ_58 /* Memory.swift in Sources */,
				OBJ_59 /* AddressingMode.swift in Sources */,
				OBJ_60 /* Mnemonic.swift in Sources */,
				OBJ_61 /* Instruction.swift in Sources */,
				OBJ_62 /* Stream.swift in Sources */,
				OBJ_63 /* Types.swift in Sources */,
			);
			runOnlyForDeploymentPostprocessing = 0;
		};
/* End PBXSourcesBuildPhase section */

/* Begin PBXTargetDependency section */
		OBJ_46 /* PBXTargetDependency */ = {
			isa = PBXTargetDependency;
			target = "MOS6502::MOS6502" /* MOS6502 */;
			targetProxy = 2E30FA1520056CCA007040F7 /* PBXContainerItemProxy */;
		};
/* End PBXTargetDependency section */

/* Begin XCBuildConfiguration section */
		OBJ_3 /* Debug */ = {
			isa = XCBuildConfiguration;
			buildSettings = {
				CLANG_ENABLE_OBJC_ARC = YES;
				COMBINE_HIDPI_IMAGES = YES;
				COPY_PHASE_STRIP = NO;
				DEBUG_INFORMATION_FORMAT = dwarf;
				DYLIB_INSTALL_NAME_BASE = "@rpath";
				ENABLE_NS_ASSERTIONS = YES;
				GCC_OPTIMIZATION_LEVEL = 0;
				MACOSX_DEPLOYMENT_TARGET = 10.10;
				ONLY_ACTIVE_ARCH = YES;
				OTHER_SWIFT_FLAGS = "-DXcode";
				PRODUCT_NAME = "$(TARGET_NAME)";
				SDKROOT = macosx;
				SUPPORTED_PLATFORMS = "macosx iphoneos iphonesimulator appletvos appletvsimulator watchos watchsimulator";
				SWIFT_ACTIVE_COMPILATION_CONDITIONS = SWIFT_PACKAGE;
				SWIFT_OPTIMIZATION_LEVEL = "-Onone";
				USE_HEADERMAP = NO;
			};
			name = Debug;
		};
		OBJ_33 /* Debug */ = {
			isa = XCBuildConfiguration;
			buildSettings = {
				LD = /usr/bin/true;
				OTHER_SWIFT_FLAGS = "-swift-version 4 -I /Applications/Xcode.app/Contents/Developer/Toolchains/XcodeDefault.xctoolchain/usr/lib/swift/pm/4 -target x86_64-apple-macosx10.10 -sdk /Applications/Xcode.app/Contents/Developer/Platforms/MacOSX.platform/Developer/SDKs/MacOSX10.13.sdk";
				SWIFT_VERSION = 4.0;
			};
			name = Debug;
		};
		OBJ_34 /* Release */ = {
			isa = XCBuildConfiguration;
			buildSettings = {
				LD = /usr/bin/true;
				OTHER_SWIFT_FLAGS = "-swift-version 4 -I /Applications/Xcode.app/Contents/Developer/Toolchains/XcodeDefault.xctoolchain/usr/lib/swift/pm/4 -target x86_64-apple-macosx10.10 -sdk /Applications/Xcode.app/Contents/Developer/Platforms/MacOSX.platform/Developer/SDKs/MacOSX10.13.sdk";
				SWIFT_VERSION = 4.0;
			};
			name = Release;
		};
		OBJ_39 /* Debug */ = {
			isa = XCBuildConfiguration;
			buildSettings = {
				FRAMEWORK_SEARCH_PATHS = (
					"$(inherited)",
					"$(PLATFORM_DIR)/Developer/Library/Frameworks",
				);
				HEADER_SEARCH_PATHS = "$(inherited)";
				INFOPLIST_FILE = MOS6502.xcodeproj/TestSuite_Info.plist;
				LD_RUNPATH_SEARCH_PATHS = "$(TOOLCHAIN_DIR)/usr/lib/swift/macosx @executable_path";
				OTHER_LDFLAGS = "$(inherited)";
				OTHER_SWIFT_FLAGS = "$(inherited)";
				SWIFT_FORCE_DYNAMIC_LINK_STDLIB = YES;
				SWIFT_FORCE_STATIC_LINK_STDLIB = NO;
				SWIFT_VERSION = 4.0;
				TARGET_NAME = TestSuite;
			};
			name = Debug;
		};
		OBJ_4 /* Release */ = {
			isa = XCBuildConfiguration;
			buildSettings = {
				CLANG_ENABLE_OBJC_ARC = YES;
				COMBINE_HIDPI_IMAGES = YES;
				COPY_PHASE_STRIP = YES;
				DEBUG_INFORMATION_FORMAT = "dwarf-with-dsym";
				DYLIB_INSTALL_NAME_BASE = "@rpath";
				GCC_OPTIMIZATION_LEVEL = s;
				MACOSX_DEPLOYMENT_TARGET = 10.10;
				OTHER_SWIFT_FLAGS = "-DXcode";
				PRODUCT_NAME = "$(TARGET_NAME)";
				SDKROOT = macosx;
				SUPPORTED_PLATFORMS = "macosx iphoneos iphonesimulator appletvos appletvsimulator watchos watchsimulator";
				SWIFT_ACTIVE_COMPILATION_CONDITIONS = SWIFT_PACKAGE;
				SWIFT_OPTIMIZATION_LEVEL = "-Owholemodule";
				USE_HEADERMAP = NO;
			};
			name = Release;
		};
		OBJ_40 /* Release */ = {
			isa = XCBuildConfiguration;
			buildSettings = {
				FRAMEWORK_SEARCH_PATHS = (
					"$(inherited)",
					"$(PLATFORM_DIR)/Developer/Library/Frameworks",
				);
				HEADER_SEARCH_PATHS = "$(inherited)";
				INFOPLIST_FILE = MOS6502.xcodeproj/TestSuite_Info.plist;
				LD_RUNPATH_SEARCH_PATHS = "$(TOOLCHAIN_DIR)/usr/lib/swift/macosx @executable_path";
				OTHER_LDFLAGS = "$(inherited)";
				OTHER_SWIFT_FLAGS = "$(inherited)";
				SWIFT_FORCE_DYNAMIC_LINK_STDLIB = YES;
				SWIFT_FORCE_STATIC_LINK_STDLIB = NO;
				SWIFT_VERSION = 4.0;
				TARGET_NAME = TestSuite;
			};
			name = Release;
		};
		OBJ_49 /* Debug */ = {
			isa = XCBuildConfiguration;
			buildSettings = {
				ENABLE_TESTABILITY = YES;
				FRAMEWORK_SEARCH_PATHS = (
					"$(inherited)",
					"$(PLATFORM_DIR)/Developer/Library/Frameworks",
				);
				HEADER_SEARCH_PATHS = "$(inherited)";
				INFOPLIST_FILE = MOS6502.xcodeproj/MOS6502_Info.plist;
				LD_RUNPATH_SEARCH_PATHS = "$(TOOLCHAIN_DIR)/usr/lib/swift/macosx";
				OTHER_LDFLAGS = "$(inherited)";
				OTHER_SWIFT_FLAGS = "$(inherited)";
				PRODUCT_BUNDLE_IDENTIFIER = MOS6502;
				PRODUCT_MODULE_NAME = "$(TARGET_NAME:c99extidentifier)";
				PRODUCT_NAME = "$(TARGET_NAME:c99extidentifier)";
				SKIP_INSTALL = YES;
				SWIFT_VERSION = 4.0;
				TARGET_NAME = MOS6502;
			};
			name = Debug;
		};
		OBJ_50 /* Release */ = {
			isa = XCBuildConfiguration;
			buildSettings = {
				ENABLE_TESTABILITY = YES;
				FRAMEWORK_SEARCH_PATHS = (
					"$(inherited)",
					"$(PLATFORM_DIR)/Developer/Library/Frameworks",
				);
				HEADER_SEARCH_PATHS = "$(inherited)";
				INFOPLIST_FILE = MOS6502.xcodeproj/MOS6502_Info.plist;
				LD_RUNPATH_SEARCH_PATHS = "$(TOOLCHAIN_DIR)/usr/lib/swift/macosx";
				OTHER_LDFLAGS = "$(inherited)";
				OTHER_SWIFT_FLAGS = "$(inherited)";
				PRODUCT_BUNDLE_IDENTIFIER = MOS6502;
				PRODUCT_MODULE_NAME = "$(TARGET_NAME:c99extidentifier)";
				PRODUCT_NAME = "$(TARGET_NAME:c99extidentifier)";
				SKIP_INSTALL = YES;
				SWIFT_VERSION = 4.0;
				TARGET_NAME = MOS6502;
			};
			name = Release;
		};
/* End XCBuildConfiguration section */

/* Begin XCConfigurationList section */
		OBJ_2 /* Build configuration list for PBXProject "MOS6502" */ = {
			isa = XCConfigurationList;
			buildConfigurations = (
				OBJ_3 /* Debug */,
				OBJ_4 /* Release */,
			);
			defaultConfigurationIsVisible = 0;
			defaultConfigurationName = Debug;
		};
		OBJ_32 /* Build configuration list for PBXNativeTarget "MOS6502PackageDescription" */ = {
			isa = XCConfigurationList;
			buildConfigurations = (
				OBJ_33 /* Debug */,
				OBJ_34 /* Release */,
			);
			defaultConfigurationIsVisible = 0;
			defaultConfigurationName = Debug;
		};
		OBJ_38 /* Build configuration list for PBXNativeTarget "TestSuite" */ = {
			isa = XCConfigurationList;
			buildConfigurations = (
				OBJ_39 /* Debug */,
				OBJ_40 /* Release */,
			);
			defaultConfigurationIsVisible = 0;
			defaultConfigurationName = Debug;
		};
		OBJ_48 /* Build configuration list for PBXNativeTarget "MOS6502" */ = {
			isa = XCConfigurationList;
			buildConfigurations = (
				OBJ_49 /* Debug */,
				OBJ_50 /* Release */,
			);
			defaultConfigurationIsVisible = 0;
			defaultConfigurationName = Debug;
		};
/* End XCConfigurationList section */
	};
	rootObject = OBJ_1 /* Project object */;
}
